
Microsoft Visual Studio Solution File, Format Version 12.00
# Visual Studio Version 17
VisualStudioVersion = 17.8.34330.188
MinimumVisualStudioVersion = 10.0.40219.1
Project("{FAE04EC0-301F-11D3-BF4B-00C04F79EFBC}") = "standCarCris", "standCarCris\standCarCris.csproj", "{8310BF9C-B020-4A28-97B9-B4A16F7DE27C}"
EndProject
Global
	GlobalSection(SolutionConfigurationPlatforms) = preSolution
		Debug|Any CPU = Debug|Any CPU
		Release|Any CPU = Release|Any CPU
	EndGlobalSection
	GlobalSection(ProjectConfigurationPlatforms) = postSolution
		{8310BF9C-B020-4A28-97B9-B4A16F7DE27C}.Debug|Any CPU.ActiveCfg = Debug|Any CPU
		{8310BF9C-B020-4A28-97B9-B4A16F7DE27C}.Debug|Any CPU.Build.0 = Debug|Any CPU
		{8310BF9C-B020-4A28-97B9-B4A16F7DE27C}.Release|Any CPU.ActiveCfg = Release|Any CPU
		{8310BF9C-B020-4A28-97B9-B4A16F7DE27C}.Release|Any CPU.Build.0 = Release|Any CPU
	EndGlobalSection
	GlobalSection(SolutionProperties) = preSolution
		HideSolutionNode = FALSE
	EndGlobalSection
	GlobalSection(ExtensibilityGlobals) = postSolution
		SolutionGuid = {A4826F4F-67E8-4167-B368-98AFD029C3C2}
	EndGlobalSection
EndGlobal
